
Microsoft Visual Studio Solution File, Format Version 12.00
# Visual Studio Version 17
VisualStudioVersion = 17.3.32901.215
MinimumVisualStudioVersion = 10.0.40219.1
Project("{9A19103F-16F7-4668-BE54-9A1E7A4F7556}") = "DiscountAPI", "DiscountAPI.csproj", "{C380D3AC-7493-4020-9B0D-F1AB2FC2F9CD}"
EndProject
Global
	GlobalSection(SolutionConfigurationPlatforms) = preSolution
		Debug|Any CPU = Debug|Any CPU
		Release|Any CPU = Release|Any CPU
	EndGlobalSection
	GlobalSection(ProjectConfigurationPlatforms) = postSolution
		{C380D3AC-7493-4020-9B0D-F1AB2FC2F9CD}.Debug|Any CPU.ActiveCfg = Debug|Any CPU
		{C380D3AC-7493-4020-9B0D-F1AB2FC2F9CD}.Debug|Any CPU.Build.0 = Debug|Any CPU
		{C380D3AC-7493-4020-9B0D-F1AB2FC2F9CD}.Release|Any CPU.ActiveCfg = Release|Any CPU
		{C380D3AC-7493-4020-9B0D-F1AB2FC2F9CD}.Release|Any CPU.Build.0 = Release|Any CPU
	EndGlobalSection
	GlobalSection(SolutionProperties) = preSolution
		HideSolutionNode = FALSE
	EndGlobalSection
	GlobalSection(ExtensibilityGlobals) = postSolution
		SolutionGuid = {5A1C9A87-9E76-48B6-B365-494004C9764E}
	EndGlobalSection
EndGlobal
