
Microsoft Visual Studio Solution File, Format Version 12.00
# Visual Studio Version 17
VisualStudioVersion = 17.3.32901.215
MinimumVisualStudioVersion = 10.0.40219.1
Project("{2150E333-8FDC-42A3-9474-1A3956D46DE8}") = "APIGateways", "APIGateways", "{B8AF7626-1639-4429-84BE-551A9F82EF2A}"
EndProject
Project("{2150E333-8FDC-42A3-9474-1A3956D46DE8}") = "Services", "Services", "{E6931963-96BD-4FB5-BCA4-44D7B48071EE}"
EndProject
Project("{9A19103F-16F7-4668-BE54-9A1E7A4F7556}") = "Catalog.API", "Services\Catalog\Catalog.API\Catalog.API.csproj", "{902DF5D9-107F-491D-A056-D8A6238C4127}"
EndProject
Project("{9A19103F-16F7-4668-BE54-9A1E7A4F7556}") = "DiscountAPI", "Services\Discount\DiscountAPI\DiscountAPI.csproj", "{8C66A9CF-C15C-43BA-8AF4-1F3385988EF1}"
EndProject
Project("{9A19103F-16F7-4668-BE54-9A1E7A4F7556}") = "AdminBff", "APIGateways\AdminBff\AdminBff.csproj", "{0555EFB9-375E-4916-9C42-AC436B7CFB58}"
EndProject
Project("{9A19103F-16F7-4668-BE54-9A1E7A4F7556}") = "Identity.API", "Services\Identity\Identity.API\Identity.API.csproj", "{C3312131-2124-4446-9180-4C2C2D5D0E49}"
EndProject
Project("{9A19103F-16F7-4668-BE54-9A1E7A4F7556}") = "Basket.API", "Services\Basket\Basket.API\Basket.API.csproj", "{49B24836-68AD-42A4-8974-811460D3695C}"
EndProject
Project("{9A19103F-16F7-4668-BE54-9A1E7A4F7556}") = "UserBff", "APIGateways\UserBff\UserBff.csproj", "{90EB58B9-5348-48A4-8D2B-876CF89E93CF}"
EndProject
Project("{9A19103F-16F7-4668-BE54-9A1E7A4F7556}") = "Ordering.API", "Services\Ordering\Ordering.API\Ordering.API.csproj", "{767DD02D-CEBD-4E4D-9790-61842F521BF6}"
EndProject
Global
	GlobalSection(SolutionConfigurationPlatforms) = preSolution
		Debug|Any CPU = Debug|Any CPU
		Release|Any CPU = Release|Any CPU
	EndGlobalSection
	GlobalSection(ProjectConfigurationPlatforms) = postSolution
		{902DF5D9-107F-491D-A056-D8A6238C4127}.Debug|Any CPU.ActiveCfg = Debug|Any CPU
		{902DF5D9-107F-491D-A056-D8A6238C4127}.Debug|Any CPU.Build.0 = Debug|Any CPU
		{902DF5D9-107F-491D-A056-D8A6238C4127}.Release|Any CPU.ActiveCfg = Release|Any CPU
		{902DF5D9-107F-491D-A056-D8A6238C4127}.Release|Any CPU.Build.0 = Release|Any CPU
		{8C66A9CF-C15C-43BA-8AF4-1F3385988EF1}.Debug|Any CPU.ActiveCfg = Debug|Any CPU
		{8C66A9CF-C15C-43BA-8AF4-1F3385988EF1}.Debug|Any CPU.Build.0 = Debug|Any CPU
		{8C66A9CF-C15C-43BA-8AF4-1F3385988EF1}.Release|Any CPU.ActiveCfg = Release|Any CPU
		{8C66A9CF-C15C-43BA-8AF4-1F3385988EF1}.Release|Any CPU.Build.0 = Release|Any CPU
		{0555EFB9-375E-4916-9C42-AC436B7CFB58}.Debug|Any CPU.ActiveCfg = Debug|Any CPU
		{0555EFB9-375E-4916-9C42-AC436B7CFB58}.Debug|Any CPU.Build.0 = Debug|Any CPU
		{0555EFB9-375E-4916-9C42-AC436B7CFB58}.Release|Any CPU.ActiveCfg = Release|Any CPU
		{0555EFB9-375E-4916-9C42-AC436B7CFB58}.Release|Any CPU.Build.0 = Release|Any CPU
		{C3312131-2124-4446-9180-4C2C2D5D0E49}.Debug|Any CPU.ActiveCfg = Debug|Any CPU
		{C3312131-2124-4446-9180-4C2C2D5D0E49}.Debug|Any CPU.Build.0 = Debug|Any CPU
		{C3312131-2124-4446-9180-4C2C2D5D0E49}.Release|Any CPU.ActiveCfg = Release|Any CPU
		{C3312131-2124-4446-9180-4C2C2D5D0E49}.Release|Any CPU.Build.0 = Release|Any CPU
		{49B24836-68AD-42A4-8974-811460D3695C}.Debug|Any CPU.ActiveCfg = Debug|Any CPU
		{49B24836-68AD-42A4-8974-811460D3695C}.Debug|Any CPU.Build.0 = Debug|Any CPU
		{49B24836-68AD-42A4-8974-811460D3695C}.Release|Any CPU.ActiveCfg = Release|Any CPU
		{49B24836-68AD-42A4-8974-811460D3695C}.Release|Any CPU.Build.0 = Release|Any CPU
		{90EB58B9-5348-48A4-8D2B-876CF89E93CF}.Debug|Any CPU.ActiveCfg = Debug|Any CPU
		{90EB58B9-5348-48A4-8D2B-876CF89E93CF}.Debug|Any CPU.Build.0 = Debug|Any CPU
		{90EB58B9-5348-48A4-8D2B-876CF89E93CF}.Release|Any CPU.ActiveCfg = Release|Any CPU
		{90EB58B9-5348-48A4-8D2B-876CF89E93CF}.Release|Any CPU.Build.0 = Release|Any CPU
		{767DD02D-CEBD-4E4D-9790-61842F521BF6}.Debug|Any CPU.ActiveCfg = Debug|Any CPU
		{767DD02D-CEBD-4E4D-9790-61842F521BF6}.Debug|Any CPU.Build.0 = Debug|Any CPU
		{767DD02D-CEBD-4E4D-9790-61842F521BF6}.Release|Any CPU.ActiveCfg = Release|Any CPU
		{767DD02D-CEBD-4E4D-9790-61842F521BF6}.Release|Any CPU.Build.0 = Release|Any CPU
	EndGlobalSection
	GlobalSection(SolutionProperties) = preSolution
		HideSolutionNode = FALSE
	EndGlobalSection
	GlobalSection(NestedProjects) = preSolution
		{902DF5D9-107F-491D-A056-D8A6238C4127} = {E6931963-96BD-4FB5-BCA4-44D7B48071EE}
		{8C66A9CF-C15C-43BA-8AF4-1F3385988EF1} = {E6931963-96BD-4FB5-BCA4-44D7B48071EE}
		{0555EFB9-375E-4916-9C42-AC436B7CFB58} = {B8AF7626-1639-4429-84BE-551A9F82EF2A}
		{C3312131-2124-4446-9180-4C2C2D5D0E49} = {E6931963-96BD-4FB5-BCA4-44D7B48071EE}
		{49B24836-68AD-42A4-8974-811460D3695C} = {E6931963-96BD-4FB5-BCA4-44D7B48071EE}
		{90EB58B9-5348-48A4-8D2B-876CF89E93CF} = {B8AF7626-1639-4429-84BE-551A9F82EF2A}
		{767DD02D-CEBD-4E4D-9790-61842F521BF6} = {E6931963-96BD-4FB5-BCA4-44D7B48071EE}
	EndGlobalSection
	GlobalSection(ExtensibilityGlobals) = postSolution
		SolutionGuid = {72C6450B-6177-49A4-AF3D-3012B67C7FA6}
	EndGlobalSection
EndGlobal
